
Microsoft Visual Studio Solution File, Format Version 12.00
# Visual Studio Version 17
VisualStudioVersion = 17.8.34322.80
MinimumVisualStudioVersion = 10.0.40219.1
Project("{FAE04EC0-301F-11D3-BF4B-00C04F79EFBC}") = "C# ASSESSMENT", "C# ASSESSMENT.csproj", "{32591BE8-7F06-435E-89B2-CD34E4B4DC90}"
EndProject
Global
	GlobalSection(SolutionConfigurationPlatforms) = preSolution
		Debug|Any CPU = Debug|Any CPU
		Release|Any CPU = Release|Any CPU
	EndGlobalSection
	GlobalSection(ProjectConfigurationPlatforms) = postSolution
		{32591BE8-7F06-435E-89B2-CD34E4B4DC90}.Debug|Any CPU.ActiveCfg = Debug|Any CPU
		{32591BE8-7F06-435E-89B2-CD34E4B4DC90}.Debug|Any CPU.Build.0 = Debug|Any CPU
		{32591BE8-7F06-435E-89B2-CD34E4B4DC90}.Release|Any CPU.ActiveCfg = Release|Any CPU
		{32591BE8-7F06-435E-89B2-CD34E4B4DC90}.Release|Any CPU.Build.0 = Release|Any CPU
	EndGlobalSection
	GlobalSection(SolutionProperties) = preSolution
		HideSolutionNode = FALSE
	EndGlobalSection
	GlobalSection(ExtensibilityGlobals) = postSolution
		SolutionGuid = {A91AA6C6-4468-49CA-ACF2-C1DE9BED4225}
	EndGlobalSection
EndGlobal
